
Microsoft Visual Studio Solution File, Format Version 12.00
# Visual Studio Version 17
VisualStudioVersion = 17.3.32929.385
MinimumVisualStudioVersion = 10.0.40219.1
Project("{FAE04EC0-301F-11D3-BF4B-00C04F79EFBC}") = "VonageTest1", "VonageTest1\VonageTest1.csproj", "{3C261F70-0458-4ACF-8188-E360605B06E3}"
EndProject
Global
	GlobalSection(SolutionConfigurationPlatforms) = preSolution
		Debug|Any CPU = Debug|Any CPU
		Release|Any CPU = Release|Any CPU
	EndGlobalSection
	GlobalSection(ProjectConfigurationPlatforms) = postSolution
		{3C261F70-0458-4ACF-8188-E360605B06E3}.Debug|Any CPU.ActiveCfg = Debug|Any CPU
		{3C261F70-0458-4ACF-8188-E360605B06E3}.Debug|Any CPU.Build.0 = Debug|Any CPU
		{3C261F70-0458-4ACF-8188-E360605B06E3}.Release|Any CPU.ActiveCfg = Release|Any CPU
		{3C261F70-0458-4ACF-8188-E360605B06E3}.Release|Any CPU.Build.0 = Release|Any CPU
	EndGlobalSection
	GlobalSection(SolutionProperties) = preSolution
		HideSolutionNode = FALSE
	EndGlobalSection
	GlobalSection(ExtensibilityGlobals) = postSolution
		SolutionGuid = {0618F225-D02A-4790-8EE7-A1685B9F98C6}
	EndGlobalSection
EndGlobal
